{
  "nodes": {
    "disko": {
      "inputs": {
        "nixpkgs": "nixpkgs"
      },
      "locked": {
        "lastModified": 1750680230,
        "narHash": "sha256-kD88T/NqmcgfOBFAwphN30ccaUdj6K6+LG0XdM2w2LA=",
        "owner": "nix-community",
        "repo": "disko",
        "rev": "8fd2d6c75009ac75f9a6fb18c33a239806778d01",
        "type": "github"
      },
      "original": {
        "owner": "nix-community",
        "repo": "disko",
        "type": "github"
      }
    },
    "flake-utils": {
      "inputs": {
        "systems": "systems"
      },
      "locked": {
        "lastModified": 1731533236,
        "narHash": "sha256-l0KFg5HjrsfsO/JpG+r7fRrqm12kzFHyUHqHCVpMMbI=",
        "owner": "numtide",
        "repo": "flake-utils",
        "rev": "11707dc2f618dd54ca8739b309ec4fc024de578b",
        "type": "github"
      },
      "original": {
        "owner": "numtide",
        "repo": "flake-utils",
        "type": "github"
      }
    },
    "home-manager": {
      "inputs": {
        "nixpkgs": [
          "nixpkgs"
        ]
      },
      "locked": {
        "lastModified": 1749154018,
        "narHash": "sha256-gjN3j7joRvT3a8Zgcylnd4NFsnXeDBumqiu4HmY1RIg=",
        "owner": "nix-community",
        "repo": "home-manager",
        "rev": "7aae0ee71a17b19708b93b3ed448a1a0952bf111",
        "type": "github"
      },
      "original": {
        "owner": "nix-community",
        "ref": "release-25.05",
        "repo": "home-manager",
        "type": "github"
      }
    },
    "nixos-hardware": {
      "locked": {
        "lastModified": 1750431636,
        "narHash": "sha256-vnzzBDbCGvInmfn2ijC4HsIY/3W1CWbwS/YQoFgdgPg=",
        "owner": "NixOS",
        "repo": "nixos-hardware",
        "rev": "1552a9f4513f3f0ceedcf90320e48d3d47165712",
        "type": "github"
      },
      "original": {
        "owner": "NixOS",
        "repo": "nixos-hardware",
        "type": "github"
      }
    },
    "nixpkgs": {
      "locked": {
        "lastModified": 1749903597,
        "narHash": "sha256-jp0D4vzBcRKwNZwfY4BcWHemLGUs4JrS3X9w5k/JYDA=",
        "owner": "NixOS",
        "repo": "nixpkgs",
        "rev": "41da1e3ea8e23e094e5e3eeb1e6b830468a7399e",
        "type": "github"
      },
      "original": {
        "owner": "NixOS",
        "ref": "nixpkgs-unstable",
        "repo": "nixpkgs",
        "type": "github"
      }
    },
    "nixpkgs-unstable": {
      "locked": {
        "lastModified": 1750605355,
        "narHash": "sha256-xT8cPLTxlktxI9vSdoBlAVK7dXgd8IK59j7ZwzkkhnI=",
        "owner": "nixos",
        "repo": "nixpkgs",
        "rev": "3078b9a9e75f1790e6d6ef9955fdc6a2d1740cc6",
        "type": "github"
      },
      "original": {
        "owner": "nixos",
        "ref": "nixpkgs-unstable",
        "repo": "nixpkgs",
        "type": "github"
      }
    },
    "nixpkgs_2": {
      "locked": {
        "lastModified": 1750400657,
        "narHash": "sha256-3vkjFnxCOP6vm5Pm13wC/Zy6/VYgei/I/2DWgW4RFeA=",
        "owner": "nixos",
        "repo": "nixpkgs",
        "rev": "b2485d56967598da068b5a6946dadda8bfcbcd37",
        "type": "github"
      },
      "original": {
        "owner": "nixos",
        "ref": "nixos-25.05",
        "repo": "nixpkgs",
        "type": "github"
      }
    },
    "nixpkgs_3": {
      "locked": {
        "lastModified": 1744536153,
        "narHash": "sha256-awS2zRgF4uTwrOKwwiJcByDzDOdo3Q1rPZbiHQg/N38=",
        "owner": "NixOS",
        "repo": "nixpkgs",
        "rev": "18dd725c29603f582cf1900e0d25f9f1063dbf11",
        "type": "github"
      },
      "original": {
        "owner": "NixOS",
        "ref": "nixpkgs-unstable",
        "repo": "nixpkgs",
        "type": "github"
      }
    },
    "nixpkgs_4": {
      "locked": {
        "lastModified": 1744868846,
        "narHash": "sha256-5RJTdUHDmj12Qsv7XOhuospjAjATNiTMElplWnJE9Hs=",
        "owner": "NixOS",
        "repo": "nixpkgs",
        "rev": "ebe4301cbd8f81c4f8d3244b3632338bbeb6d49c",
        "type": "github"
      },
      "original": {
        "owner": "NixOS",
        "repo": "nixpkgs",
        "rev": "ebe4301cbd8f81c4f8d3244b3632338bbeb6d49c",
        "type": "github"
      }
    },
    "plasma-manager": {
      "inputs": {
        "home-manager": [
          "home-manager"
        ],
        "nixpkgs": [
          "nixpkgs"
        ]
      },
      "locked": {
        "lastModified": 1748196248,
        "narHash": "sha256-1iHjsH6/5UOerJEoZKE+Gx1BgAoge/YcnUsOA4wQ/BU=",
        "owner": "nix-community",
        "repo": "plasma-manager",
        "rev": "b7697abe89967839b273a863a3805345ea54ab56",
        "type": "github"
      },
      "original": {
        "owner": "nix-community",
        "repo": "plasma-manager",
        "type": "github"
      }
    },
    "root": {
      "inputs": {
        "disko": "disko",
        "home-manager": "home-manager",
        "nixos-hardware": "nixos-hardware",
        "nixpkgs": "nixpkgs_2",
        "nixpkgs-unstable": "nixpkgs-unstable",
        "plasma-manager": "plasma-manager",
        "rust-overlay": "rust-overlay",
        "sops-nix": "sops-nix",
        "vscode-extensions": "vscode-extensions"
      }
    },
    "rust-overlay": {
      "inputs": {
        "nixpkgs": "nixpkgs_3"
      },
      "locked": {
        "lastModified": 1750646674,
        "narHash": "sha256-gHg6QUjMi1ObrocQUAoEhhbIfop14UNae4QDSHoKsRU=",
        "owner": "oxalica",
        "repo": "rust-overlay",
        "rev": "65162ae665154e0eddb395166bd4956358981dd0",
        "type": "github"
      },
      "original": {
        "owner": "oxalica",
        "repo": "rust-overlay",
        "type": "github"
      }
    },
    "sops-nix": {
      "inputs": {
        "nixpkgs": [
          "nixpkgs"
        ]
      },
      "locked": {
        "lastModified": 1750119275,
        "narHash": "sha256-Rr7Pooz9zQbhdVxux16h7URa6mA80Pb/G07T4lHvh0M=",
        "owner": "Mic92",
        "repo": "sops-nix",
        "rev": "77c423a03b9b2b79709ea2cb63336312e78b72e2",
        "type": "github"
      },
      "original": {
        "owner": "Mic92",
        "repo": "sops-nix",
        "type": "github"
      }
    },
    "systems": {
      "locked": {
        "lastModified": 1681028828,
        "narHash": "sha256-Vy1rq5AaRuLzOxct8nz4T6wlgyUR7zLU309k9mBC768=",
        "owner": "nix-systems",
        "repo": "default",
        "rev": "da67096a3b9bf56a91d16901293e51ba5b49a27e",
        "type": "github"
      },
      "original": {
        "owner": "nix-systems",
        "repo": "default",
        "type": "github"
      }
    },
    "vscode-extensions": {
      "inputs": {
        "flake-utils": "flake-utils",
        "nixpkgs": "nixpkgs_4"
      },
      "locked": {
        "lastModified": 1750644735,
        "narHash": "sha256-v60mh5/3l7nccMPrkOJGCIBf6WLdqrI526sulErDQUA=",
        "owner": "nix-community",
        "repo": "nix-vscode-extensions",
        "rev": "fff42f3f56ba2149323dba6066f8c527656e6079",
        "type": "github"
      },
      "original": {
        "owner": "nix-community",
        "repo": "nix-vscode-extensions",
        "type": "github"
      }
    }
  },
  "root": "root",
  "version": 7
}
